
Microsoft Visual Studio Solution File, Format Version 12.00
# Visual Studio Version 17
VisualStudioVersion = 17.6.33829.357
MinimumVisualStudioVersion = 10.0.40219.1
Project("{FAE04EC0-301F-11D3-BF4B-00C04F79EFBC}") = "Jt.Common.Tool", "Jt.Common.Tool\Jt.Common.Tool.csproj", "{5BCB5DC4-6A03-4D3A-8DAF-6DB853669038}"
EndProject
Global
	GlobalSection(SolutionConfigurationPlatforms) = preSolution
		Debug|Any CPU = Debug|Any CPU
		Release|Any CPU = Release|Any CPU
	EndGlobalSection
	GlobalSection(ProjectConfigurationPlatforms) = postSolution
		{5BCB5DC4-6A03-4D3A-8DAF-6DB853669038}.Debug|Any CPU.ActiveCfg = Debug|Any CPU
		{5BCB5DC4-6A03-4D3A-8DAF-6DB853669038}.Debug|Any CPU.Build.0 = Debug|Any CPU
		{5BCB5DC4-6A03-4D3A-8DAF-6DB853669038}.Release|Any CPU.ActiveCfg = Release|Any CPU
		{5BCB5DC4-6A03-4D3A-8DAF-6DB853669038}.Release|Any CPU.Build.0 = Release|Any CPU
	EndGlobalSection
	GlobalSection(SolutionProperties) = preSolution
		HideSolutionNode = FALSE
	EndGlobalSection
	GlobalSection(ExtensibilityGlobals) = postSolution
		SolutionGuid = {B7E86425-2ADF-4D5C-956F-5DBF7121181E}
	EndGlobalSection
EndGlobal
